
Microsoft Visual Studio Solution File, Format Version 12.00
# Visual Studio Version 17
VisualStudioVersion = 17.3.32901.215
MinimumVisualStudioVersion = 10.0.40219.1
Project("{FAE04EC0-301F-11D3-BF4B-00C04F79EFBC}") = "Globa_ Bank_Admin_Management_Application", "Globa_ Bank_Admin_Management_Application\Globa_ Bank_Admin_Management_Application.csproj", "{8B757594-186E-4A7B-9C9E-C842560870C9}"
EndProject
Global
	GlobalSection(SolutionConfigurationPlatforms) = preSolution
		Debug|Any CPU = Debug|Any CPU
		Release|Any CPU = Release|Any CPU
	EndGlobalSection
	GlobalSection(ProjectConfigurationPlatforms) = postSolution
		{8B757594-186E-4A7B-9C9E-C842560870C9}.Debug|Any CPU.ActiveCfg = Debug|Any CPU
		{8B757594-186E-4A7B-9C9E-C842560870C9}.Debug|Any CPU.Build.0 = Debug|Any CPU
		{8B757594-186E-4A7B-9C9E-C842560870C9}.Release|Any CPU.ActiveCfg = Release|Any CPU
		{8B757594-186E-4A7B-9C9E-C842560870C9}.Release|Any CPU.Build.0 = Release|Any CPU
	EndGlobalSection
	GlobalSection(SolutionProperties) = preSolution
		HideSolutionNode = FALSE
	EndGlobalSection
	GlobalSection(ExtensibilityGlobals) = postSolution
		SolutionGuid = {18B084D7-5E3D-4390-97FA-A6F45D45BA56}
	EndGlobalSection
EndGlobal
